
Microsoft Visual Studio Solution File, Format Version 12.00
# Visual Studio Version 17
VisualStudioVersion = 17.8.34322.80
MinimumVisualStudioVersion = 10.0.40219.1
Project("{FAE04EC0-301F-11D3-BF4B-00C04F79EFBC}") = "PRG_MAUI_todo_app", "PRG_MAUI_todo_app\PRG_MAUI_todo_app.csproj", "{3EDDDD81-0B4A-4E4C-B3BD-DCC75959318B}"
EndProject
Global
	GlobalSection(SolutionConfigurationPlatforms) = preSolution
		Debug|Any CPU = Debug|Any CPU
		Release|Any CPU = Release|Any CPU
	EndGlobalSection
	GlobalSection(ProjectConfigurationPlatforms) = postSolution
		{3EDDDD81-0B4A-4E4C-B3BD-DCC75959318B}.Debug|Any CPU.ActiveCfg = Debug|Any CPU
		{3EDDDD81-0B4A-4E4C-B3BD-DCC75959318B}.Debug|Any CPU.Build.0 = Debug|Any CPU
		{3EDDDD81-0B4A-4E4C-B3BD-DCC75959318B}.Debug|Any CPU.Deploy.0 = Debug|Any CPU
		{3EDDDD81-0B4A-4E4C-B3BD-DCC75959318B}.Release|Any CPU.ActiveCfg = Release|Any CPU
		{3EDDDD81-0B4A-4E4C-B3BD-DCC75959318B}.Release|Any CPU.Build.0 = Release|Any CPU
		{3EDDDD81-0B4A-4E4C-B3BD-DCC75959318B}.Release|Any CPU.Deploy.0 = Release|Any CPU
	EndGlobalSection
	GlobalSection(SolutionProperties) = preSolution
		HideSolutionNode = FALSE
	EndGlobalSection
	GlobalSection(ExtensibilityGlobals) = postSolution
		SolutionGuid = {0E4843AD-510A-4746-BA92-C1CB1F9AA5BF}
	EndGlobalSection
EndGlobal
